{
    "_meta": {
        "hash": {
            "sha256": "bb187ff7b2644a708d90a135ef07a8a69ac01eb4911844245d9254b712d6c10e"
        },
        "pipfile-spec": 6,
        "requires": {
            "python_version": "3.12"
        },
        "sources": [
            {
                "name": "pypi",
                "url": "https://pypi.org/simple",
                "verify_ssl": true
            }
        ]
    },
    "default": {
        "cutadapt": {
            "hashes": [
                "sha256:1063f9ec00292847d90167d08e9e1d30d4c17751163ea1a43c53a46dd9070b3b",
                "sha256:11ec191877f662499ee781353db6992b2fc37c83481a635e68e1a97d57a946a1",
                "sha256:1dc05abe01a79b200f640168cae4c67c6c5bf02bb1ce80c6a9c76fa7648ba378",
                "sha256:3be4675caeab7a6d9022dd63b474f53187da5b493dc9871c404744cba7bb7495",
                "sha256:3c51c7acee4432990e80302de2134820133c4114ec01224a24e464c21e003730",
                "sha256:50fecbe8d9e84f36ecd3f9cf0cc2e58c1bc15a086abbf762ee423266deee1fab",
                "sha256:6a89945acd0e1e192b8b5d01e85dc830f8d6ef20bc2dc599e9958d5046b3b4d7",
                "sha256:6b9c3cf9c0985759d064112016747b28cbf77d33296343adc2d21a059101112e",
                "sha256:7423bc96f0fb83d41716380c22d4d134752a8698c3c3b6c007d8757f69497b3e",
                "sha256:7d69f738ab02613502127cdb305be61d953e950f902651c91a7d06960de11f90",
                "sha256:7dad2e5871a3279c80eb2bb0f53d4d53f4600178b758c07b3269f8aabc715d21",
                "sha256:7f288cef01b15a2fedac8ed09c48549595f654658f77432d3513155002be480c",
                "sha256:83d1256017ac23fa09dab10e4ef7d7af80a33c143801065d646fe7e6e92b676b",
                "sha256:86673bb25b63dcbb0da7a860f7416f84ea20583207438e805bf780edde0e6bed",
                "sha256:b7843f93b582aae8ba7b2f10b7da74d097841534a097e19c9d850ddf8cd3a51d",
                "sha256:b7fd8b98c89289f82b8982c472bb33aa86169ec4c2a688bdb6433befa408238e",
                "sha256:d6eb142607579fdb13e2ff65f1ab557fe0975d7733fff76c66405f42a40faca6",
                "sha256:da3b45775b07334d2e2580a7b154d19ea7e872f0da813bb1ac2a4da712bfc223",
                "sha256:e8644d8accf4ecf57c32b6077a49d3abd5f02bbc475e088dde1c2e8b21f444c0",
                "sha256:e8da05e545bbe6fb4a579e44439a1414637f1846faa229d46dd5ccde369d7f97",
                "sha256:ee3ac6234ebfbedaa54414bb3741467e0db0f51ae7891b7ca6b66ab393028011"
            ],
            "index": "pypi",
            "markers": "python_version >= '3.8'",
            "version": "==4.9"
        },
        "dnaio": {
            "hashes": [
                "sha256:00a3aeae6759e087327019f88fd13c09af4c5bf660754958f423885aaf434e7c",
                "sha256:06732ac2bbeae6f7025d60e617112a46d8cdcf378f766d4a256af416554dd4cb",
                "sha256:1a892ea10a821ee9d0d5853d8eb988e676e4564e848700298cc8e221b4246a0a",
                "sha256:1edf5583ee87494305f38a2932750f5b7ce89a29114cfecc3ab1fe007d5610a2",
                "sha256:29eefc94691d18899f952fbc68465c5221d0b49355444621cc285b6c95377dd9",
                "sha256:44db752fe8cf298d22cfd1cc42e083de6a5a279f5dc8337e2bbec802819120e7",
                "sha256:47710cd0ef8dfbf209ad2a78ca66ce508a0c08f97ac7634ef3d4c7289be63acc",
                "sha256:4786dc63614b9f3011463d9ea9d981723dd38d1091a415a557f71d8c74400f38",
                "sha256:49256f7d0939d5edb97b29bbfc000303cf5aae098acc141f886a8fac82e30e95",
                "sha256:4bcdf9727a287c1fb5147453609a99c2ea0be79ec4a813811640debc146b1784",
                "sha256:56485f15f8e30aa7cff8fbd903c647771a7118db4e8f6c50f9fdce9119d9b2a6",
                "sha256:6588b0f5caa7d645b17794033851d7535f5cdb050a618d46e23b3d72e074656f",
                "sha256:77d365f52ccdbcc9f1bf67afe15c21c89977d2e90aee9a1d2982970fec9a39f5",
                "sha256:7aa0c7a87c69e1179f824f5aaec5907685b6ef25392ac16b2a5f91ae54a170cc",
                "sha256:9d4baa818b0f62826b89ba30c9db216a08fdee47f49f5b4d508db582b03d9246",
                "sha256:9e3829966cb0f3a6780f35204c4e5c497150807229091ff0c5ee4795d12c5376",
                "sha256:b07ab43675aef356455032ce4a7410e9ca273bc66fdacb6126c94db47613907a",
                "sha256:b173a41e3afc35a0ac725ac0102c9a2ae702f447af59378d81a80ca91cc2e2ac",
                "sha256:be1015fb154c884f7facbbfed05221a84007c74d4ef06f100fd32030274ae9d5",
                "sha256:d17fba7daef3f04e5a75db8a695bdac1aebba136e07ae9dace64678f5a57a61b",
                "sha256:eed466630deeb74a510b4cad2721b5a174d23508175ec8d06a3565d4330df725"
            ],
            "markers": "python_version >= '3.8'",
            "version": "==1.2.1"
        },
        "isal": {
            "hashes": [
                "sha256:08e5c37986bbe242d913a69c56accdcac1529fcdb5a27b86e668f04f3c7cadac",
                "sha256:101f3f49a39f5c247da97e2a6ff4ef83350d1732dfeb27b6b8afcc4e99c5821c",
                "sha256:208a0fd2780d3f1a2a649fc7211a3d48c35dd227f75ac9f7389e8258fd9098d4",
                "sha256:2444b53f55ae7e4bb9e9446f71c4e334c5c9acc6891cc8c26eac182c385c4ee1",
                "sha256:3c993fc794595ab6b015b92d7a4d5f48feaf23f29cbd2da63ee32649336f663d",
                "sha256:4399b9073199b467f16b1d03389e23d4eabd3366f63b0430d0e33b4d07a9540f",
                "sha256:4abaa5153c290fdde20d8d5fdd88a457b02a1d51f07e3b703c0caa319347b57c",
                "sha256:52081fadb35287acca6c4d925b09f3ff5df022866c5e1c02e2a0fe5bc86ce4bb",
                "sha256:6048ebe6d2333499686b0906adad4913e43e2202e1a33d9499e2232e9fc9ae30",
                "sha256:6102fe3617cb964d6f213b340249c4d82e81c7faffb796dacc80ca1d909cb9fd",
                "sha256:6989c1f305b918ecdec4d0eba7b68274af1e7f7e6629b8356c29f9aff912ef32",
                "sha256:7b64b75d260b544beea3f59cb25a6f520c04768818ef4ac316ee9a1f2ebf18f5",
                "sha256:7e0b36ea1117e33957efdd23381f94ffaf73a9c55c316f5e8c93a98e6fa211a5",
                "sha256:7f6b9e85d3355b3ae1e074b3603bcbb5fa04d4bc18944997efde205c78359a4c",
                "sha256:92a88f52c2e964f016e885f9744ee756786f49826ff4b636c079a9431f603695",
                "sha256:961159b26377716170f3871d41d342c3a6f936b42ba71aa8d23f5290fd789491",
                "sha256:97b11d18674c20dfefc03eddce06026c765ca479f8225e734e8424ba56cc0e8e",
                "sha256:97cba0af7a3c734fd4632a59198df9b762a0dfcac5b6eb9d15610f959617a630",
                "sha256:990db4a2ff79112090149a1b4b8f69ad6a0a3e335c78aa4bf80d465d85345407",
                "sha256:9a41e3d1e428f3ab68af0bd4347ed052cdedc26e295f296f253bee3852236bb8",
                "sha256:9a42992243d7c19791f3405c09761ea1dabfe21fa44335bf0f4cb7cdf787afcd",
                "sha256:9c9a92a07db1d96cc795f5fff317deffab72ba3eccb6a1bdc1abc79b8f1dcfc8",
                "sha256:a07ee1ebdf0ef22eb4fff1332dbf74d31057cbce1994774dc0d8b281b27dfb9c",
                "sha256:a7e43e8a4c296d27ee3488c792de475a5e3cae37bbdb14dc54a52e8f9261378e",
                "sha256:aa859a84bb7ac46b699f46255893ce7a03ce45f8dde20f7318ebf9b7da84879f",
                "sha256:ae956d87f5fcedc5ba06371320d7c6a315d323ef2e2cbda8c8140d80aa7f1dfc",
                "sha256:bcc97b5112c53e0744e2b141961d5bb676f937ed02627ed5bb2d382e8a93f7f2",
                "sha256:c2e795da4d336885ce3f60968583c8304e61d8f7dacfac23feac197dc0060c3b",
                "sha256:c4ccbdd8d496cd688f1208a32dd1d7ba7f40a99ce463fc7f245a02ea3b979a61",
                "sha256:c5c35b68f47ec6d4da2be605649ee3e43270592a661e66d3ee20e4b5d1548330",
                "sha256:c842495662b6251bbc4b03927897fd52c4b4a6d661df3bffa78c26789bc0abaf",
                "sha256:cd18547c27d3895adb9a6185532813d92bee06b58d7ae12b09c677db04719976",
                "sha256:cd66ea940a7dc31878b8a96b604e1c5553c142e95c24a500370a10829642ae39",
                "sha256:d2ddcf285f487ec0237c440d9c9c490c7c784643ea97432c9b80abc7782b2ef6",
                "sha256:d3540855990513846b0dc8914ef85711b88f9911549b2d0a70fd16c659f4aa4e",
                "sha256:d4bdee6200a2e4c609116698734cb586fee83badb7bb4c79b80a0da18e4f0900",
                "sha256:d71efc5861abd3b6eddb2292d4937fb174685ca60afb305bc87415b97531e5e4",
                "sha256:d7aba593d1e42f3a37286863201fd1fec101000c26cd7d4900733e1c612c3530",
                "sha256:db80adfae5cfe2311274cade0d2b9f4ad250bf0aeb1fcc405ebfcf2cd228b15e",
                "sha256:e342abdba870ce811c31e0ffb9193cd8c5acb9c5362d9095a42add141b7ecb90",
                "sha256:e5310b116ce25088487140f5863bc131d075b7bc57ba1f90f77a441b189f9bf4",
                "sha256:ee085fb728ab643494f4a75157887bd579af08c297a60b61532a365c62e50e85",
                "sha256:f41a00fba6a3a6d181da0485350fbaa5e4fd19462b928888a320753fb38a0e62"
            ],
            "markers": "platform_machine == 'x86_64' or platform_machine == 'AMD64' or platform_machine == 'aarch64'",
            "version": "==1.6.1"
        },
        "xopen": {
            "hashes": [
                "sha256:74e7f7fb7e7f42bd843c798595fa5a52086d7d1bf3de0e8513c6615516431313",
                "sha256:f19d83de470f5a81725df0140180ec71d198311a1d7dad48f5467b4ad5df6154"
            ],
            "markers": "python_version >= '3.8'",
            "version": "==2.0.2"
        },
        "zlib-ng": {
            "hashes": [
                "sha256:004b871cd849929bde39898d963b58db9a13eb99051919981d9fb1deb696068d",
                "sha256:01f30e974a561b3213f2f8b0e6c78f52bbbbb5d6b3faa9c79028a297e4e9cf65",
                "sha256:042b8a7919aca96abc42a9cf7722068b324f31c1faabecf6a473e0d5450d9a69",
                "sha256:0533bd4ff1fffdc1642733077cd682841bd377134732315ca94f9889af751c83",
                "sha256:07230b77697e405b59b204de83496853177c2aa86a79ea5db7ca875bdb0f704c",
                "sha256:0b64ed070f11f6bbbc3799a48bf1196974440c04816e722bbe2e7ad4f3bc055c",
                "sha256:13edac0d0f8d59b7022056bcfd770216eaf0614abd761fa379ed8b8041d09821",
                "sha256:20855fd670d8c012214764143b54dc63318e4f9c0236d7b3b4a53cbfd9a46592",
                "sha256:28fbddfdc68627837025f615ede032326472ec777ed28ae35af931f8c7275704",
                "sha256:3b4e5c2de5f3ebdfbf28345051602a84710e6593c4d8decc361558c92ac24668",
                "sha256:42f3d1c261414c9c35e0817bfa4746c2ab2be28a04e9433b4305b1dc8685a95b",
                "sha256:49f9c56e0e263a1c2e78b914ca2f64d9e9a1c34e6c013753e9681f1658053676",
                "sha256:4b1a461ee27a118b7e0349f9d2d48ddba8efdf607b54a686f1da51ea2c57933a",
                "sha256:53d6a0c9136fe526bbf1c212c5639bea2dffc94a86b81b42a2efcd4ea4b2a642",
                "sha256:5744716c9c45edc5c98c3906a8d32818710353725800e277ea67245c9de862cc",
                "sha256:5b258316f42485515cc8d899ba2a1fef0d6bb84779688bab52824249dcd5794f",
                "sha256:64ec0f7f95036f0c73792c5728f02577a4fb908015c25fbaf5df8ccbee39f0fd",
                "sha256:6576efde6ee5e2a9a6b08c2d1c21ee43b1ca50fd600ad87a3c3f94d68636822f",
                "sha256:6822d4a72ed6b16bffcc21b0a91f2a37d08b805634ae1a3883bb5f5b3311c738",
                "sha256:73521b879dde470a5c750995f1711425310781150fb32cd8755355bbbc764b40",
                "sha256:73683fe92b172e6eaccc8648194f31b673f1180b19930d7edc58a9954f120117",
                "sha256:78c9cc35cb5824a917cd81364967000d1a140c50b9ab699bd6332a6a7a17db7b",
                "sha256:78ff32cca0984ab9240a6fd01206200d137dd0c565eba2140a68b84d347f219d",
                "sha256:7a2c507965c0198752164f1ef429db4295649373f9fff35ad6ad27cb93ee3b90",
                "sha256:85e9395785a946d5a586d13c49cc969de06b6c8b0edd4036c6094408aa4b799a",
                "sha256:88b1db658f25c44d23b417c971dd710af6e4052d2d820ac17e13a622772cb970",
                "sha256:8af0b04cea38914fdae3b88dd329f49f9462dd88076773fd0a15ff3ce5692e89",
                "sha256:9ccd43fb653b33d27791dab57600660ed72a09dabf5109140d639200cc11553c",
                "sha256:a369bd772f961d99b16c5afa0817224f8074db86206a4d2977c4c151e0589f37",
                "sha256:a36cf1d9e908f858eca07444a8568d7bb72d79e26f6c432832c72ebd9728431f",
                "sha256:a553bbf3f652ee04e31e2a316c90ad533de57cd651c05fd0e4ebe8c0e5f170f9",
                "sha256:a788a0b1983bb82f33e114cecde7f21657318942edc65ffb7c41ebb343e4c1c4",
                "sha256:b0338e7e35169158d5c538e803c896e414489025e4019002e717f20ef67f8320",
                "sha256:b164c534fb5a4a7ce9f8f35adeafba19b0880aa3d58e866649e52b14a2f8222c",
                "sha256:b1dde82846f089439108e601125c6240726103d0ed13c29c867cea33da6cfae0",
                "sha256:bd6f000f7c637032d02175164231b9d25bfb9be2b6acf7192606f9a988ace33f",
                "sha256:c6e9665c4a7ba25db65241e08e5b2f8abe154634b50c9d406b582f3c56daaf88",
                "sha256:ca44c976a1728b4bd5698f1f0e2e15205c38904ac46304746f97d5739dec0a5a",
                "sha256:d25c24bca2b82786d09f05f2f738afa52f98f0e98f5ec59fa553fcefb78eb821",
                "sha256:da99fb1b69ee0c276ec339cf98f24d969addc25136c7b7d3c80011cab72fe952",
                "sha256:dca904cc5cb3df45814a7516ec3eb018c184591b8141eedb7c1a031132bb8247",
                "sha256:eb371b1095258106ab34023df38a1555dc599baf4ad3e991deebb858b1a0c6a3",
                "sha256:ee57888d181a8427439e04d721e2368a7252ddd1a0166f26a5e4f0ca6f5dd8dd"
            ],
            "markers": "platform_machine == 'x86_64' or platform_machine == 'AMD64' or platform_machine == 'aarch64'",
            "version": "==0.4.3"
        }
    },
    "develop": {}
}
