{
    "_meta": {
        "hash": {
            "sha256": "9fa881d61710db2d5774d3764e98adca08716c7ffa87de97905856c0e5b8fe3a"
        },
        "pipfile-spec": 6,
        "requires": {
            "python_version": "3.7"
        },
        "sources": [
            {
                "name": "pypi",
                "url": "https://pypi.org/simple",
                "verify_ssl": true
            }
        ]
    },
    "default": {
        "biopython": {
            "hashes": [
                "sha256:015b79eea59bb5ccf7abef2ab17a813540c5c1969a8def2148fe3d529ff405a3",
                "sha256:022909d10bbdfbc70eba6ea1c06ff573444e26e40ef0899025fb269898604b16",
                "sha256:046510af3cbaaf822e7451f0772e3e3f327916edbfd1f34798e6b8cbf60e8aa3",
                "sha256:1324bd2f6ea1dbad748085875d4c206f08748bb7848355f365d31fcd771dfa75",
                "sha256:25152c1be2c9205bf80901fc49adf2c2efff49f0dddbcf6e6b2ce31dfa6590c0",
                "sha256:273c524550aaad3284edbdacecdf66cfd880dac580a5f6c5f80a9925a70144fb",
                "sha256:32c50dd9450ac780d640baa212ecde22fcc98dc0de472b40296968df2385c824",
                "sha256:36c35d93d16c9270303bfc755d2364171a1aaebd75f3bfa97179712a3ac09e2d",
                "sha256:3a802aba32b64aee9c3b92d8b5d50aa3d0a95c8188b69a78a2cbc292578dae08",
                "sha256:540f9df15e11f091e2d92959b891d2001bb59660ca806d51ca30d76dab60d39e",
                "sha256:6182f8c17c81aa40987b018e6241719137e463f5bb263c423db6180d118d3a03",
                "sha256:67144db2defb3b49d505c7c4c676ca80b3451a0764f507b930b86031b7ebde5c",
                "sha256:6d9a39f295d97ed953a48c1cde635b35205ed25034015238776dbd2a8afbb2a7",
                "sha256:7103f3dd3cef9f6ae52c0c3275ecb65121f3935b90d25c5e149ce62f684fbaf2",
                "sha256:77145b88a74c89f752db2ed11f64737161cc337c9e520e3853c945bd1d9866e6",
                "sha256:7c32c37b20843e1d22e76c889f1733097e27996d1ec0fe54d84e5f737c9ff65e",
                "sha256:8b7a3edd0dcc9eae3020849ad6110c721399f2c8dd71e54317dcc50035f9ebf9",
                "sha256:a117596b366e2226e2bf0adaf87f32cda495357c398b1b2ca2ada9f54c386718",
                "sha256:aa07bcf7def1c270c1fc1bab25f72a34f1ba24ab0a2d680f0a8466b39a2a7660",
                "sha256:b8cdfaf2963b7ef24497aa82e60bfc86267989f32a49b4edd4a67aba75202834",
                "sha256:bb302ad68a133ed3ae26efa0a0c82a0905c8b9b85a70fa6626611a882a65ec61",
                "sha256:ca627475233f698ede17b5adb169ed10b44ab4dc3a48d71069d7ab0086bdbc1c",
                "sha256:d3bf43ea45859bec05e8496c39dbd614c75520a832da20d826fdbd7e83105414",
                "sha256:d6a310fab78e11dba51b55a2b194a79128d202584127e17952f7f64b52da83e2",
                "sha256:e6cc6e725a5fb628d41ed675bb74aa5eb03763e1ccd3111d0f73f739c7263ab4",
                "sha256:efee2f77cef1b65a76fe27af83c05774329b481c2da71d0580fcbcf92d6e9988",
                "sha256:f50ee861a67e96488d21bc210ea72250df8cb7578351366f52c3904b841b5fbe",
                "sha256:fa8ed2c3fec5dc45f9b750bd5da386f82cddb7944b456bfd0472106050efa397"
            ],
            "index": "pypi",
            "version": "==1.74"
        },
        "cython": {
            "hashes": [
                "sha256:07efba7b32c082c519b75e3b03821c2f32848e2b3e9986c784bbd8ffaf0666d7",
                "sha256:08db41daf18fabf7b7a85e39aa26954f6246994540043194af026c0df65a4942",
                "sha256:19bbe3caf885a1d2e2c30eacc10d1e45dbbefb156493fe1d5d1adc1668cc1269",
                "sha256:1c574f2f2ba760b82b2bcf6262e77e75589247dc5ef796a3ff1b2213e50ee452",
                "sha256:1dfe672c686e34598bdbaa93c3b30acb3720ae9258232a4f68ba04ee9969063d",
                "sha256:283faea84e6c4e54c3f5c8ff89aa2b6c1c3a813aad4f6d48ed3b9cc9043ef9f9",
                "sha256:2a145888d0942e7c36e86a7b7c7e2923cb9f7055805a3b72dcb137e3efdb0979",
                "sha256:3f75065936e16569d6e13dfd76de988f5eabeae460aa54770c9b961ab6f747fc",
                "sha256:4d78124f5f281f1d5d5b7919cbbc65a7073ff93562def81ee78a8307e6e72494",
                "sha256:5ba4d088b8e5d59b8a5911ca9c72952acf3c83296b57daf75af92fb2af1e8423",
                "sha256:6b19daeda1d5d1dfc973b291246f6a63a663b20c33980724d6d073c562719536",
                "sha256:790c7dc80fd1c3e38acefe06027e2f5a8466c128c7e47c6e140fd5316132574d",
                "sha256:7f8c4e648881454ba3ba0bcf3b21a9e1878a67d20ea2b8d9ec1c4c628592ab6b",
                "sha256:8bcd3f597290f9902548d6355898d7e376e7f3762f89db9cd50b2b58429df9e8",
                "sha256:8ffb18f71972a5c718a8600d9f52e3507f0d6fb72a978e03270d34a7035c98fb",
                "sha256:92f025df1cb391e09f65775598c7dfb7efad72d74713775db54e267f62ca94a1",
                "sha256:93cf1c72472a2fd0ef4c52f6074dab08fc28d475b9c824ba73a52701f7a48ae1",
                "sha256:9a7fa692cdc967fdbf6a053c1975137d01f6935dede2ef222c71840b290caf79",
                "sha256:a68eb0c1375f2401de881692b30370a51e550052b8e346b2f71bbdbdc74a214f",
                "sha256:ac3b7a12ddd52ea910ee3a041e6bc65df7a52f0ba7bd10fb7123502af482c152",
                "sha256:b402b700edaf571a0bae18ec35d5b71c266873a6616412b672435c10b6d8f041",
                "sha256:c29d069a4a30f472482343c866f7486731ad638ef9af92bfe5fca9c7323d638e",
                "sha256:d822311498f185db449b687336b4e5db7638c8d8b03bdf10ae91d74e23c7cc0c",
                "sha256:dccc8df9e1ac158b06777bbaaeb4516f245f9b147701ae25e6023960e4a0c2a3",
                "sha256:e31f4b946c2765b2f35440fdb4b00c496dfc5babc53c7ae61966b41171d1d59f",
                "sha256:eb43f9e582cc221ee2832e25ea6fe5c06f2acc9da6353c562e922f107db12af8",
                "sha256:f07822248110fd6213db8bc2745fdbbccef6f2b3d18ac91a7fba29c6bc575da5",
                "sha256:ff69854f123b959d4ae14bd5330714bb9ee4360052992dc0fbd0a3dee4261f95"
            ],
            "index": "pypi",
            "markers": "python_version >= '2.6' and python_version not in '3.0, 3.1, 3.2, 3.3'",
            "version": "==0.29.13"
        },
        "intervaltree": {
            "hashes": [
                "sha256:cb4f61c81dcb4fea6c09903f3599015a83c9bdad1f0bbd232495e6681e19e273"
            ],
            "index": "pypi",
            "version": "==3.0.2"
        },
        "joblib": {
            "hashes": [
                "sha256:92f865e621e17784e7955080b6d042489e3b8e294949cc44c6eac304f59772b1",
                "sha256:ef4331c65f239985f3f2220ecc87db222f08fd22097a3dd5698f693875f8cbb9"
            ],
            "markers": "python_version >= '3.7'",
            "version": "==1.3.2"
        },
        "numpy": {
            "hashes": [
                "sha256:10132aa1fef99adc85a905d82e8497a580f83739837d7cbd234649f2e9b9dc58",
                "sha256:73615d3edc84dd7c4aeb212fa3748fb83217e00d201875a47327f55363cef2df"
            ],
            "index": "pypi",
            "markers": "python_version >= '3.5'",
            "version": "==1.17.2"
        },
        "pandas": {
            "hashes": [
                "sha256:cb2e197b7b0687becb026b84d3c242482f20cbb29a9981e43604eb67576da9f6",
                "sha256:d8930772adccb2882989ab1493fa74bd87d47c8ac7417f5dd3dd834ba8c24dc9"
            ],
            "index": "pypi",
            "markers": "python_full_version >= '3.5.3'",
            "version": "==0.25.1"
        },
        "pyfaidx": {
            "hashes": [
                "sha256:9ac22bdc7b9c5d995d32eb9dc278af9ba970481636ec75c0d687d38c26446caa"
            ],
            "index": "pypi",
            "version": "==0.5.5.2"
        },
        "pysam": {
            "hashes": [
                "sha256:0cfa16f76ed3c3119c7b3c8dfdcba9e010fbcdcf87eaa165351bb369da5a6bf1",
                "sha256:1d6d49a0b3c626fae410a93d4c80583a8b5ddaacc9b46a080b250dbcebd30a59",
                "sha256:2717509556fecddf7c73966fa62066c6a59a7d39b755d8972afa8d143a1d5aa5",
                "sha256:493988420db16e6ee03393518e4d272df05f0a35780248c08c61da7411e520e7",
                "sha256:7a8a25fceaaa96e5b4c8b0a7fd6bb0b20b6c262dc4cc867c6d1467ac990f1d77",
                "sha256:7ea2e019294e4bf25e4892b5de69c43f54fb6ac42b681265268aa322e1f36f5b",
                "sha256:7f6a4ec58ad7995b791a71bf35f673ea794e734c587ea7329fca5cce9c53a7af",
                "sha256:9422c2d0b581c3d24f247c15bb8981569e636003c4d6cad39ccd1bf205a79f2c",
                "sha256:a88f875114bd3d8efb7fade80e0640094383ec5043861aa575175fa9a56edf90",
                "sha256:c90341434e7a99439174aa64ca5406f63528be4217d4401fb30ec4ea4629c559",
                "sha256:ca0c9289dfdc5e1a81bccdb8305192cd14cf9730bd21320ceca949fde071a572",
                "sha256:cfb162358c5284b31b2b88b10947e0f1013da2d85ba0fd0b5723dd142c15329e",
                "sha256:cfffad99cf3968cf85aadb70a8a02303f9172ea21abe02d587c44f808c504f52",
                "sha256:e13e496da3a432db24f424439834b0ab5f40700a3db6e610d06f8bd639d9fd2d",
                "sha256:ef5d8ad01cac8974cd09832c226cbb63a3f7c5bd63727d8e59447021ee16a186",
                "sha256:f5a23a5dcf32f01c66d44e89113fa8f7522997ea43fbc0f98e5250a907911a5f"
            ],
            "index": "pypi",
            "version": "==0.18.0"
        },
        "python-dateutil": {
            "hashes": [
                "sha256:37dd54208da7e1cd875388217d5e00ebd4179249f90fb72437e91a35459a0ad3",
                "sha256:a8b2bc7bffae282281c8140a97d3aa9c14da0b136dfe83f850eea9a5f7470427"
            ],
            "markers": "python_version >= '2.7' and python_version not in '3.0, 3.1, 3.2, 3.3'",
            "version": "==2.9.0.post0"
        },
        "pytz": {
            "hashes": [
                "sha256:360b9e3dbb49a209c21ad61809c7fb453643e048b38924c765813546746e81c3",
                "sha256:5ddf76296dd8c44c26eb8f4b6f35488f3ccbf6fbbd7adee0b7262d43f0ec2f00"
            ],
            "version": "==2025.2"
        },
        "pyyaml": {
            "hashes": [
                "sha256:3c49e39ac034fd64fd576d63bb4db53cda89b362768a67f07749d55f128ac18a",
                "sha256:8b818b6c5a920cbe4203b5a6b14256f0e5244338244560da89b7b0f1313ea4b6"
            ],
            "index": "pypi",
            "markers": "python_version >= '2.7' and python_version not in '3.0, 3.1, 3.2, 3.3, 3.4, 3.5'",
            "version": "==5.4"
        },
        "scikit-learn": {
            "hashes": [
                "sha256:1ac81293d261747c25ea5a0ee8cd2bb1f3b5ba9ec05421a7f9f0feb4eb7c4116",
                "sha256:289361cf003d90b007f5066b27fcddc2d71324c82f1c88e316fedacb0dfdd516",
                "sha256:3a14d0abd4281fc3fd2149c486c3ec7cedad848b8d5f7b6f61522029d65a29f8",
                "sha256:5083a5e50d9d54548e4ada829598ae63a05651dd2bb319f821ffd9e8388384a6",
                "sha256:777cdd5c077b7ca9cb381396c81990cf41d2fa8350760d3cad3b4c460a7db644",
                "sha256:8bf2ff63da820d09b96b18e88f9625228457bff8df4618f6b087e12442ef9e15",
                "sha256:8d319b71c449627d178f21c57614e21747e54bb3fc9602b6f42906c3931aa320",
                "sha256:928050b65781fea9542dfe9bfe02d8c4f5530baa8472ec60782ea77347d2c836",
                "sha256:92c903613ff50e22aa95d589f9fff5deb6f34e79f7f21f609680087f137bb524",
                "sha256:ae322235def5ce8fae645b439e332e6f25d34bb90d6a6c8e261f17eb476457b7",
                "sha256:c1cd6b29eb1fd1cc672ac5e4a8be5f6ea936d094a3dc659ada0746d6fac750b1",
                "sha256:c41a6e2685d06bcdb0d26533af2540f54884d40db7e48baed6a5bcbf1a7cc642",
                "sha256:d07fcb0c0acbc043faa0e7cf4d2037f71193de3fb04fb8ed5c259b089af1cf5c",
                "sha256:d146d5443cda0a41f74276e42faf8c7f283fef49e8a853b832885239ef544e05",
                "sha256:eb2b7bed0a26ba5ce3700e15938b28a4f4513578d3e54a2156c29df19ac5fd01",
                "sha256:eb9b8ebf59eddd8b96366428238ab27d05a19e89c5516ce294abc35cea75d003"
            ],
            "index": "pypi",
            "markers": "python_version >= '3.5'",
            "version": "==0.21.3"
        },
        "scipy": {
            "hashes": [
                "sha256:0baa64bf42592032f6f6445a07144e355ca876b177f47ad8d0612901c9375bef",
                "sha256:243b04730d7223d2b844bda9500310eecc9eda0cba9ceaf0cde1839f8287dfa8",
                "sha256:2643cfb46d97b7797d1dbdb6f3c23fe3402904e3c90e6facfe6a9b98d808c1b5",
                "sha256:396eb4cdad421f846a1498299474f0a3752921229388f91f60dc3eda55a00488",
                "sha256:3ae3692616975d3c10aca6d574d6b4ff95568768d4525f76222fb60f142075b9",
                "sha256:435d19f80b4dcf67dc090cc04fde2c5c8a70b3372e64f6a9c58c5b806abfa5a8",
                "sha256:46a5e55850cfe02332998b3aef481d33f1efee1960fe6cfee0202c7dd6fc21ab",
                "sha256:75b513c462e58eeca82b22fc00f0d1875a37b12913eee9d979233349fce5c8b2",
                "sha256:7ccfa44a08226825126c4ef0027aa46a38c928a10f0a8a8483c80dd9f9a0ad44",
                "sha256:89dd6a6d329e3f693d1204d5562dd63af0fd7a17854ced17f9cbc37d5b853c8d",
                "sha256:a81da2fe32f4eab8b60d56ad43e44d93d392da228a77e229e59b51508a00299c",
                "sha256:a9d606d11eb2eec7ef893eb825017fbb6eef1e1d0b98a5b7fc11446ebeb2b9b1",
                "sha256:ac37eb652248e2d7cbbfd89619dce5ecfd27d657e714ed049d82f19b162e8d45",
                "sha256:cbc0611699e420774e945f6a4e2830f7ca2b3ee3483fca1aa659100049487dd5",
                "sha256:d02d813ec9958ed63b390ded463163685af6025cb2e9a226ec2c477df90c6957",
                "sha256:dd3b52e00f93fd1c86f2d78243dfb0d02743c94dd1d34ffea10055438e63b99d"
            ],
            "index": "pypi",
            "markers": "python_version >= '3.5'",
            "version": "==1.3.1"
        },
        "setuptools": {
            "hashes": [
                "sha256:11e52c67415a381d10d6b462ced9cfb97066179f0e871399e006c4ab101fc85f",
                "sha256:baf1fdb41c6da4cd2eae722e135500da913332ab3f2f5c7d33af9b492acb5235"
            ],
            "markers": "python_version >= '3.7'",
            "version": "==68.0.0"
        },
        "six": {
            "hashes": [
                "sha256:4721f391ed90541fddacab5acf947aa0d3dc7d27b2e1e8eda2be8970586c3274",
                "sha256:ff70335d468e7eb6ec65b95b99d3a2836546063f63acc5171de367e834932a81"
            ],
            "markers": "python_version >= '2.7' and python_version not in '3.0, 3.1, 3.2, 3.3'",
            "version": "==1.17.0"
        },
        "sortedcontainers": {
            "hashes": [
                "sha256:25caa5a06cc30b6b83d11423433f65d1f9d76c4c6a0c90e3379eaa43b9bfdb88",
                "sha256:a163dcaede0f1c021485e957a39245190e74249897e2ae4b2aa38595db237ee0"
            ],
            "version": "==2.4.0"
        }
    },
    "develop": {}
}
