{
    "_meta": {
        "hash": {
            "sha256": "89605001e7f81a0aa282eb69aa1cff09379e42a6646119f962d069745b61f153"
        },
        "pipfile-spec": 6,
        "requires": {
            "python_version": "3.10"
        },
        "sources": [
            {
                "name": "pypi",
                "url": "https://pypi.org/simple",
                "verify_ssl": true
            }
        ]
    },
    "default": {
        "pysam": {
            "hashes": [
                "sha256:12c56353739f2b76266407502e06127235197030a8e11188cb80693ca46321d1",
                "sha256:29d1a2c60944f1bc46b9324f9e78dd343fd6a8de039badff71df43df960e223c",
                "sha256:38f292478f32cbf6f2981021f7c2a961956e9b49141493557ace79810221c4e4",
                "sha256:3b8a07732549ff10dfad8b0db7663076b39727a558e1f6d06ab5c6819f3cae9f",
                "sha256:3d8c86ae4413c25d047aa4e9529b2adc366ecfeb1eb3f0098c525705314a0332",
                "sha256:3ed4dbf8613007daf8b127c32743206126badc35822730de767d86f9ead445ad",
                "sha256:7145694675a0cfe0c04abb5582c70b3f6a19d6b30e6835931016afd57d423719",
                "sha256:7c57867c80af3b5c3a4ae391ec86b914bb6361bb5cd41d985cbe06a75163188c",
                "sha256:7ca81b7e5af5f3cdac460e0ce59a0eab11fdbe1a216ddee6f3172aa16445ae54",
                "sha256:7cc250148ba0ffc9bdc38db6988b91e13b75db0d11c18cf1336467d1c97dd312",
                "sha256:7e017a3b8baeee7c0df7f666138e8bf5a73f9805c2ab6287a2a4d5351f6822d5",
                "sha256:93f0ea6b2050ad470b5b1cdd19fae0b88afd5ae48ee6e66a0dcd054b61e9fba4",
                "sha256:a2d8f2e15934100ce6b380659af884066d5ebffa69e36025b4029f8c9e8b3adc",
                "sha256:d4744e162476a62fab9458aa3d1e2e51614e0f919e4578c14e986c7e7cab377e",
                "sha256:d919f40db3027f092bb39177aecbb49a02e2fd746bb5adfbe48eb839b2225e51",
                "sha256:d958ce70865869f2aa8c8c0880ad451bafd4d5a8c94fb78a269ab913a57d9303",
                "sha256:e14e33703bdb8ed812ab16b5c816ce68ffee2ae2a19906efdc5732c3e446791e",
                "sha256:e61c3a68fb254ffd2c34ce956277615663c5ecab7a30e6308744873984794330",
                "sha256:f5aefffd4ac1fad35b720cb7a1663be9bdb18376d0d361d33a744254a0da8e96",
                "sha256:fa98bd2e6bf1252dac7c275fe7c34bbc125644b781a6196bfe25cc078c6cb341",
                "sha256:ff15d6a6ac29541d5dee30ea8233356c43a5f3a99886451fd0188b80daa0422d"
            ],
            "index": "pypi",
            "version": "==0.20.0"
        }
    },
    "develop": {}
}
